
Microsoft Visual Studio Solution File, Format Version 12.00
# Visual Studio Version 17
VisualStudioVersion = 17.5.33516.290
MinimumVisualStudioVersion = 10.0.40219.1
Project("{FAE04EC0-301F-11D3-BF4B-00C04F79EFBC}") = "CachingTechniques", "CachingTechniques.csproj", "{277ECBEC-8DE6-46E5-BA1C-05841D5C119E}"
EndProject
Global
	GlobalSection(SolutionConfigurationPlatforms) = preSolution
		Debug|Any CPU = Debug|Any CPU
		Release|Any CPU = Release|Any CPU
	EndGlobalSection
	GlobalSection(ProjectConfigurationPlatforms) = postSolution
		{277ECBEC-8DE6-46E5-BA1C-05841D5C119E}.Debug|Any CPU.ActiveCfg = Debug|Any CPU
		{277ECBEC-8DE6-46E5-BA1C-05841D5C119E}.Debug|Any CPU.Build.0 = Debug|Any CPU
		{277ECBEC-8DE6-46E5-BA1C-05841D5C119E}.Release|Any CPU.ActiveCfg = Release|Any CPU
		{277ECBEC-8DE6-46E5-BA1C-05841D5C119E}.Release|Any CPU.Build.0 = Release|Any CPU
	EndGlobalSection
	GlobalSection(SolutionProperties) = preSolution
		HideSolutionNode = FALSE
	EndGlobalSection
	GlobalSection(ExtensibilityGlobals) = postSolution
		SolutionGuid = {50CB08A4-2E83-447D-8E50-C712BD6351C2}
	EndGlobalSection
EndGlobal
